{
  "name": "ha-mxw01-printer",
  "version": "1.0.0",
  "lockfileVersion": 3,
  "requires": true,
  "packages": {
    "": {
      "name": "ha-mxw01-printer",
      "version": "1.0.0",
      "dependencies": {
        "cors": "^2.8.5",
        "express": "^5.2.1",
        "helmet": "^7.1.0",
        "http-proxy-middleware": "^3.0.5"
      }
    }
  }
}
